// !$*UTF8*$!
{
	archiveVersion = 1;
	classes = {
	};
	objectVersion = 56;
	objects = {

/* Begin PBXBuildFile section */
		AE56BD4C2C0B5D5900604262 /* MarvelDemoApp.swift in Sources */ = {isa = PBXBuildFile; fileRef = AE56BD4B2C0B5D5900604262 /* MarvelDemoApp.swift */; };
		AE56BD4E2C0B5D5900604262 /* ContentView.swift in Sources */ = {isa = PBXBuildFile; fileRef = AE56BD4D2C0B5D5900604262 /* ContentView.swift */; };
		AE56BD502C0B5D5900604262 /* Assets.xcassets in Resources */ = {isa = PBXBuildFile; fileRef = AE56BD4F2C0B5D5900604262 /* Assets.xcassets */; };
		AE56BD532C0B5D5900604262 /* Preview Assets.xcassets in Resources */ = {isa = PBXBuildFile; fileRef = AE56BD522C0B5D5900604262 /* Preview Assets.xcassets */; };
		AEB30DCE2C34EAB80016257B /* .gitignore in Resources */ = {isa = PBXBuildFile; fileRef = AEB30DCD2C34EAB80016257B /* .gitignore */; };
		AEB30E072C3DED800016257B /* Environment.swift in Sources */ = {isa = PBXBuildFile; fileRef = AEB30E062C3DED800016257B /* Environment.swift */; };
		AEC5BFDA2C31C71C00E6601F /* DetailView.swift in Sources */ = {isa = PBXBuildFile; fileRef = AEC5BFD92C31C71C00E6601F /* DetailView.swift */; };
		AEC5BFDC2C31C75500E6601F /* ComicDetailView.swift in Sources */ = {isa = PBXBuildFile; fileRef = AEC5BFDB2C31C75500E6601F /* ComicDetailView.swift */; };
		AEC5BFDE2C31C77A00E6601F /* MarvelApi.swift in Sources */ = {isa = PBXBuildFile; fileRef = AEC5BFDD2C31C77A00E6601F /* MarvelApi.swift */; };
		AEC5BFE02C31C79A00E6601F /* MarvelModel.swift in Sources */ = {isa = PBXBuildFile; fileRef = AEC5BFDF2C31C79A00E6601F /* MarvelModel.swift */; };
		AEC5BFE22C31C7D600E6601F /* WebView.swift in Sources */ = {isa = PBXBuildFile; fileRef = AEC5BFE12C31C7D600E6601F /* WebView.swift */; };
/* End PBXBuildFile section */

/* Begin PBXFileReference section */
		AE56BD482C0B5D5900604262 /* MarvelDemo.app */ = {isa = PBXFileReference; explicitFileType = wrapper.application; includeInIndex = 0; path = MarvelDemo.app; sourceTree = BUILT_PRODUCTS_DIR; };
		AE56BD4B2C0B5D5900604262 /* MarvelDemoApp.swift */ = {isa = PBXFileReference; lastKnownFileType = sourcecode.swift; path = MarvelDemoApp.swift; sourceTree = "<group>"; };
		AE56BD4D2C0B5D5900604262 /* ContentView.swift */ = {isa = PBXFileReference; lastKnownFileType = sourcecode.swift; path = ContentView.swift; sourceTree = "<group>"; };
		AE56BD4F2C0B5D5900604262 /* Assets.xcassets */ = {isa = PBXFileReference; lastKnownFileType = folder.assetcatalog; path = Assets.xcassets; sourceTree = "<group>"; };
		AE56BD522C0B5D5900604262 /* Preview Assets.xcassets */ = {isa = PBXFileReference; lastKnownFileType = folder.assetcatalog; path = "Preview Assets.xcassets"; sourceTree = "<group>"; };
		AEB30DCD2C34EAB80016257B /* .gitignore */ = {isa = PBXFileReference; fileEncoding = 4; lastKnownFileType = text; path = .gitignore; sourceTree = "<group>"; };
		AEB30E032C3DED2E0016257B /* Config.xcconfig */ = {isa = PBXFileReference; lastKnownFileType = text.xcconfig; path = Config.xcconfig; sourceTree = "<group>"; };
		AEB30E062C3DED800016257B /* Environment.swift */ = {isa = PBXFileReference; lastKnownFileType = sourcecode.swift; path = Environment.swift; sourceTree = "<group>"; };
		AEB30E082C3DEE980016257B /* Info.plist */ = {isa = PBXFileReference; lastKnownFileType = text.plist; path = Info.plist; sourceTree = "<group>"; };
		AEC5BFD92C31C71C00E6601F /* DetailView.swift */ = {isa = PBXFileReference; lastKnownFileType = sourcecode.swift; path = DetailView.swift; sourceTree = "<group>"; };
		AEC5BFDB2C31C75500E6601F /* ComicDetailView.swift */ = {isa = PBXFileReference; lastKnownFileType = sourcecode.swift; path = ComicDetailView.swift; sourceTree = "<group>"; };
		AEC5BFDD2C31C77A00E6601F /* MarvelApi.swift */ = {isa = PBXFileReference; lastKnownFileType = sourcecode.swift; path = MarvelApi.swift; sourceTree = "<group>"; };
		AEC5BFDF2C31C79A00E6601F /* MarvelModel.swift */ = {isa = PBXFileReference; lastKnownFileType = sourcecode.swift; path = MarvelModel.swift; sourceTree = "<group>"; };
		AEC5BFE12C31C7D600E6601F /* WebView.swift */ = {isa = PBXFileReference; lastKnownFileType = sourcecode.swift; path = WebView.swift; sourceTree = "<group>"; };
/* End PBXFileReference section */

/* Begin PBXFrameworksBuildPhase section */
		AE56BD452C0B5D5900604262 /* Frameworks */ = {
			isa = PBXFrameworksBuildPhase;
			buildActionMask = 2147483647;
			files = (
			);
			runOnlyForDeploymentPostprocessing = 0;
		};
/* End PBXFrameworksBuildPhase section */

/* Begin PBXGroup section */
		AE56BD3F2C0B5D5800604262 = {
			isa = PBXGroup;
			children = (
				AE56BD4A2C0B5D5900604262 /* MarvelDemo */,
				AE56BD492C0B5D5900604262 /* Products */,
			);
			sourceTree = "<group>";
		};
		AE56BD492C0B5D5900604262 /* Products */ = {
			isa = PBXGroup;
			children = (
				AE56BD482C0B5D5900604262 /* MarvelDemo.app */,
			);
			name = Products;
			sourceTree = "<group>";
		};
		AE56BD4A2C0B5D5900604262 /* MarvelDemo */ = {
			isa = PBXGroup;
			children = (
				AE56BD4B2C0B5D5900604262 /* MarvelDemoApp.swift */,
				AE56BD4D2C0B5D5900604262 /* ContentView.swift */,
				AEC5BFD92C31C71C00E6601F /* DetailView.swift */,
				AEC5BFDB2C31C75500E6601F /* ComicDetailView.swift */,
				AEC5BFDD2C31C77A00E6601F /* MarvelApi.swift */,
				AEC5BFE12C31C7D600E6601F /* WebView.swift */,
				AEC5BFDF2C31C79A00E6601F /* MarvelModel.swift */,
				AEB30E062C3DED800016257B /* Environment.swift */,
				AEB30E082C3DEE980016257B /* Info.plist */,
				AEB30E032C3DED2E0016257B /* Config.xcconfig */,
				AEB30DCD2C34EAB80016257B /* .gitignore */,
				AE56BD4F2C0B5D5900604262 /* Assets.xcassets */,
				AE56BD512C0B5D5900604262 /* Preview Content */,
			);
			path = MarvelDemo;
			sourceTree = "<group>";
		};
		AE56BD512C0B5D5900604262 /* Preview Content */ = {
			isa = PBXGroup;
			children = (
				AE56BD522C0B5D5900604262 /* Preview Assets.xcassets */,
			);
			path = "Preview Content";
			sourceTree = "<group>";
		};
/* End PBXGroup section */

/* Begin PBXNativeTarget section */
		AE56BD472C0B5D5900604262 /* MarvelDemo */ = {
			isa = PBXNativeTarget;
			buildConfigurationList = AE56BD562C0B5D5900604262 /* Build configuration list for PBXNativeTarget "MarvelDemo" */;
			buildPhases = (
				AE56BD442C0B5D5900604262 /* Sources */,
				AE56BD452C0B5D5900604262 /* Frameworks */,
				AE56BD462C0B5D5900604262 /* Resources */,
			);
			buildRules = (
			);
			dependencies = (
			);
			name = MarvelDemo;
			productName = MarvelDemo;
			productReference = AE56BD482C0B5D5900604262 /* MarvelDemo.app */;
			productType = "com.apple.product-type.application";
		};
/* End PBXNativeTarget section */

/* Begin PBXProject section */
		AE56BD402C0B5D5800604262 /* Project object */ = {
			isa = PBXProject;
			attributes = {
				BuildIndependentTargetsInParallel = 1;
				LastSwiftUpdateCheck = 1540;
				LastUpgradeCheck = 1540;
				TargetAttributes = {
					AE56BD472C0B5D5900604262 = {
						CreatedOnToolsVersion = 15.4;
					};
				};
			};
			buildConfigurationList = AE56BD432C0B5D5800604262 /* Build configuration list for PBXProject "MarvelDemo" */;
			compatibilityVersion = "Xcode 14.0";
			developmentRegion = en;
			hasScannedForEncodings = 0;
			knownRegions = (
				en,
				Base,
			);
			mainGroup = AE56BD3F2C0B5D5800604262;
			productRefGroup = AE56BD492C0B5D5900604262 /* Products */;
			projectDirPath = "";
			projectRoot = "";
			targets = (
				AE56BD472C0B5D5900604262 /* MarvelDemo */,
			);
		};
/* End PBXProject section */

/* Begin PBXResourcesBuildPhase section */
		AE56BD462C0B5D5900604262 /* Resources */ = {
			isa = PBXResourcesBuildPhase;
			buildActionMask = 2147483647;
			files = (
				AE56BD532C0B5D5900604262 /* Preview Assets.xcassets in Resources */,
				AEB30DCE2C34EAB80016257B /* .gitignore in Resources */,
				AE56BD502C0B5D5900604262 /* Assets.xcassets in Resources */,
			);
			runOnlyForDeploymentPostprocessing = 0;
		};
/* End PBXResourcesBuildPhase section */

/* Begin PBXSourcesBuildPhase section */
		AE56BD442C0B5D5900604262 /* Sources */ = {
			isa = PBXSourcesBuildPhase;
			buildActionMask = 2147483647;
			files = (
				AE56BD4E2C0B5D5900604262 /* ContentView.swift in Sources */,
				AEB30E072C3DED800016257B /* Environment.swift in Sources */,
				AEC5BFE02C31C79A00E6601F /* MarvelModel.swift in Sources */,
				AEC5BFDA2C31C71C00E6601F /* DetailView.swift in Sources */,
				AE56BD4C2C0B5D5900604262 /* MarvelDemoApp.swift in Sources */,
				AEC5BFDE2C31C77A00E6601F /* MarvelApi.swift in Sources */,
				AEC5BFDC2C31C75500E6601F /* ComicDetailView.swift in Sources */,
				AEC5BFE22C31C7D600E6601F /* WebView.swift in Sources */,
			);
			runOnlyForDeploymentPostprocessing = 0;
		};
/* End PBXSourcesBuildPhase section */

/* Begin XCBuildConfiguration section */
		AE56BD542C0B5D5900604262 /* Debug */ = {
			isa = XCBuildConfiguration;
			baseConfigurationReference = AEB30E032C3DED2E0016257B /* Config.xcconfig */;
			buildSettings = {
				ALWAYS_SEARCH_USER_PATHS = NO;
				ASSETCATALOG_COMPILER_GENERATE_SWIFT_ASSET_SYMBOL_EXTENSIONS = YES;
				CLANG_ANALYZER_NONNULL = YES;
				CLANG_ANALYZER_NUMBER_OBJECT_CONVERSION = YES_AGGRESSIVE;
				CLANG_CXX_LANGUAGE_STANDARD = "gnu++20";
				CLANG_ENABLE_MODULES = YES;
				CLANG_ENABLE_OBJC_ARC = YES;
				CLANG_ENABLE_OBJC_WEAK = YES;
				CLANG_WARN_BLOCK_CAPTURE_AUTORELEASING = YES;
				CLANG_WARN_BOOL_CONVERSION = YES;
				CLANG_WARN_COMMA = YES;
				CLANG_WARN_CONSTANT_CONVERSION = YES;
				CLANG_WARN_DEPRECATED_OBJC_IMPLEMENTATIONS = YES;
				CLANG_WARN_DIRECT_OBJC_ISA_USAGE = YES_ERROR;
				CLANG_WARN_DOCUMENTATION_COMMENTS = YES;
				CLANG_WARN_EMPTY_BODY = YES;
				CLANG_WARN_ENUM_CONVERSION = YES;
				CLANG_WARN_INFINITE_RECURSION = YES;
				CLANG_WARN_INT_CONVERSION = YES;
				CLANG_WARN_NON_LITERAL_NULL_CONVERSION = YES;
				CLANG_WARN_OBJC_IMPLICIT_RETAIN_SELF = YES;
				CLANG_WARN_OBJC_LITERAL_CONVERSION = YES;
				CLANG_WARN_OBJC_ROOT_CLASS = YES_ERROR;
				CLANG_WARN_QUOTED_INCLUDE_IN_FRAMEWORK_HEADER = YES;
				CLANG_WARN_RANGE_LOOP_ANALYSIS = YES;
				CLANG_WARN_STRICT_PROTOTYPES = YES;
				CLANG_WARN_SUSPICIOUS_MOVE = YES;
				CLANG_WARN_UNGUARDED_AVAILABILITY = YES_AGGRESSIVE;
				CLANG_WARN_UNREACHABLE_CODE = YES;
				CLANG_WARN__DUPLICATE_METHOD_MATCH = YES;
				COPY_PHASE_STRIP = NO;
				DEBUG_INFORMATION_FORMAT = dwarf;
				ENABLE_STRICT_OBJC_MSGSEND = YES;
				ENABLE_TESTABILITY = YES;
				ENABLE_USER_SCRIPT_SANDBOXING = YES;
				GCC_C_LANGUAGE_STANDARD = gnu17;
				GCC_DYNAMIC_NO_PIC = NO;
				GCC_NO_COMMON_BLOCKS = YES;
				GCC_OPTIMIZATION_LEVEL = 0;
				GCC_PREPROCESSOR_DEFINITIONS = (
					"DEBUG=1",
					"$(inherited)",
				);
				GCC_WARN_64_TO_32_BIT_CONVERSION = YES;
				GCC_WARN_ABOUT_RETURN_TYPE = YES_ERROR;
				GCC_WARN_UNDECLARED_SELECTOR = YES;
				GCC_WARN_UNINITIALIZED_AUTOS = YES_AGGRESSIVE;
				GCC_WARN_UNUSED_FUNCTION = YES;
				GCC_WARN_UNUSED_VARIABLE = YES;
				IPHONEOS_DEPLOYMENT_TARGET = 17.5;
				LOCALIZATION_PREFERS_STRING_CATALOGS = YES;
				MTL_ENABLE_DEBUG_INFO = INCLUDE_SOURCE;
				MTL_FAST_MATH = YES;
				ONLY_ACTIVE_ARCH = YES;
				SDKROOT = iphoneos;
				SWIFT_ACTIVE_COMPILATION_CONDITIONS = "DEBUG $(inherited)";
				SWIFT_OPTIMIZATION_LEVEL = "-Onone";
			};
			name = Debug;
		};
		AE56BD552C0B5D5900604262 /* Release */ = {
			isa = XCBuildConfiguration;
			baseConfigurationReference = AEB30E032C3DED2E0016257B /* Config.xcconfig */;
			buildSettings = {
				ALWAYS_SEARCH_USER_PATHS = NO;
				ASSETCATALOG_COMPILER_GENERATE_SWIFT_ASSET_SYMBOL_EXTENSIONS = YES;
				CLANG_ANALYZER_NONNULL = YES;
				CLANG_ANALYZER_NUMBER_OBJECT_CONVERSION = YES_AGGRESSIVE;
				CLANG_CXX_LANGUAGE_STANDARD = "gnu++20";
				CLANG_ENABLE_MODULES = YES;
				CLANG_ENABLE_OBJC_ARC = YES;
				CLANG_ENABLE_OBJC_WEAK = YES;
				CLANG_WARN_BLOCK_CAPTURE_AUTORELEASING = YES;
				CLANG_WARN_BOOL_CONVERSION = YES;
				CLANG_WARN_COMMA = YES;
				CLANG_WARN_CONSTANT_CONVERSION = YES;
				CLANG_WARN_DEPRECATED_OBJC_IMPLEMENTATIONS = YES;
				CLANG_WARN_DIRECT_OBJC_ISA_USAGE = YES_ERROR;
				CLANG_WARN_DOCUMENTATION_COMMENTS = YES;
				CLANG_WARN_EMPTY_BODY = YES;
				CLANG_WARN_ENUM_CONVERSION = YES;
				CLANG_WARN_INFINITE_RECURSION = YES;
				CLANG_WARN_INT_CONVERSION = YES;
				CLANG_WARN_NON_LITERAL_NULL_CONVERSION = YES;
				CLANG_WARN_OBJC_IMPLICIT_RETAIN_SELF = YES;
				CLANG_WARN_OBJC_LITERAL_CONVERSION = YES;
				CLANG_WARN_OBJC_ROOT_CLASS = YES_ERROR;
				CLANG_WARN_QUOTED_INCLUDE_IN_FRAMEWORK_HEADER = YES;
				CLANG_WARN_RANGE_LOOP_ANALYSIS = YES;
				CLANG_WARN_STRICT_PROTOTYPES = YES;
				CLANG_WARN_SUSPICIOUS_MOVE = YES;
				CLANG_WARN_UNGUARDED_AVAILABILITY = YES_AGGRESSIVE;
				CLANG_WARN_UNREACHABLE_CODE = YES;
				CLANG_WARN__DUPLICATE_METHOD_MATCH = YES;
				COPY_PHASE_STRIP = NO;
				DEBUG_INFORMATION_FORMAT = "dwarf-with-dsym";
				ENABLE_NS_ASSERTIONS = NO;
				ENABLE_STRICT_OBJC_MSGSEND = YES;
				ENABLE_USER_SCRIPT_SANDBOXING = YES;
				GCC_C_LANGUAGE_STANDARD = gnu17;
				GCC_NO_COMMON_BLOCKS = YES;
				GCC_WARN_64_TO_32_BIT_CONVERSION = YES;
				GCC_WARN_ABOUT_RETURN_TYPE = YES_ERROR;
				GCC_WARN_UNDECLARED_SELECTOR = YES;
				GCC_WARN_UNINITIALIZED_AUTOS = YES_AGGRESSIVE;
				GCC_WARN_UNUSED_FUNCTION = YES;
				GCC_WARN_UNUSED_VARIABLE = YES;
				IPHONEOS_DEPLOYMENT_TARGET = 17.5;
				LOCALIZATION_PREFERS_STRING_CATALOGS = YES;
				MTL_ENABLE_DEBUG_INFO = NO;
				MTL_FAST_MATH = YES;
				SDKROOT = iphoneos;
				SWIFT_COMPILATION_MODE = wholemodule;
				VALIDATE_PRODUCT = YES;
			};
			name = Release;
		};
		AE56BD572C0B5D5900604262 /* Debug */ = {
			isa = XCBuildConfiguration;
			baseConfigurationReference = AEB30E032C3DED2E0016257B /* Config.xcconfig */;
			buildSettings = {
				ASSETCATALOG_COMPILER_APPICON_NAME = AppIcon;
				ASSETCATALOG_COMPILER_GLOBAL_ACCENT_COLOR_NAME = AccentColor;
				CODE_SIGN_STYLE = Automatic;
				CURRENT_PROJECT_VERSION = 1;
				DEVELOPMENT_ASSET_PATHS = "\"MarvelDemo/Preview Content\"";
				ENABLE_PREVIEWS = YES;
				GENERATE_INFOPLIST_FILE = YES;
				INFOPLIST_FILE = /Users/inverzio/Desktop/MarvelDemo/MarvelDemo/Info.plist;
				INFOPLIST_KEY_UIApplicationSceneManifest_Generation = YES;
				INFOPLIST_KEY_UIApplicationSupportsIndirectInputEvents = YES;
				INFOPLIST_KEY_UILaunchScreen_Generation = YES;
				INFOPLIST_KEY_UISupportedInterfaceOrientations_iPad = "UIInterfaceOrientationPortrait UIInterfaceOrientationPortraitUpsideDown UIInterfaceOrientationLandscapeLeft UIInterfaceOrientationLandscapeRight";
				INFOPLIST_KEY_UISupportedInterfaceOrientations_iPhone = "UIInterfaceOrientationPortrait UIInterfaceOrientationLandscapeLeft UIInterfaceOrientationLandscapeRight";
				LD_RUNPATH_SEARCH_PATHS = (
					"$(inherited)",
					"@executable_path/Frameworks",
				);
				MARKETING_VERSION = 1.0;
				PRODUCT_BUNDLE_IDENTIFIER = com.avok.MarvelDemo;
				PRODUCT_NAME = "$(TARGET_NAME)";
				SWIFT_EMIT_LOC_STRINGS = YES;
				SWIFT_VERSION = 5.0;
				TARGETED_DEVICE_FAMILY = "1,2";
			};
			name = Debug;
		};
		AE56BD582C0B5D5900604262 /* Release */ = {
			isa = XCBuildConfiguration;
			baseConfigurationReference = AEB30E032C3DED2E0016257B /* Config.xcconfig */;
			buildSettings = {
				ASSETCATALOG_COMPILER_APPICON_NAME = AppIcon;
				ASSETCATALOG_COMPILER_GLOBAL_ACCENT_COLOR_NAME = AccentColor;
				CODE_SIGN_STYLE = Automatic;
				CURRENT_PROJECT_VERSION = 1;
				DEVELOPMENT_ASSET_PATHS = "\"MarvelDemo/Preview Content\"";
				ENABLE_PREVIEWS = YES;
				GENERATE_INFOPLIST_FILE = YES;
				INFOPLIST_FILE = /Users/inverzio/Desktop/MarvelDemo/MarvelDemo/Info.plist;
				INFOPLIST_KEY_UIApplicationSceneManifest_Generation = YES;
				INFOPLIST_KEY_UIApplicationSupportsIndirectInputEvents = YES;
				INFOPLIST_KEY_UILaunchScreen_Generation = YES;
				INFOPLIST_KEY_UISupportedInterfaceOrientations_iPad = "UIInterfaceOrientationPortrait UIInterfaceOrientationPortraitUpsideDown UIInterfaceOrientationLandscapeLeft UIInterfaceOrientationLandscapeRight";
				INFOPLIST_KEY_UISupportedInterfaceOrientations_iPhone = "UIInterfaceOrientationPortrait UIInterfaceOrientationLandscapeLeft UIInterfaceOrientationLandscapeRight";
				LD_RUNPATH_SEARCH_PATHS = (
					"$(inherited)",
					"@executable_path/Frameworks",
				);
				MARKETING_VERSION = 1.0;
				PRODUCT_BUNDLE_IDENTIFIER = com.avok.MarvelDemo;
				PRODUCT_NAME = "$(TARGET_NAME)";
				SWIFT_EMIT_LOC_STRINGS = YES;
				SWIFT_VERSION = 5.0;
				TARGETED_DEVICE_FAMILY = "1,2";
			};
			name = Release;
		};
/* End XCBuildConfiguration section */

/* Begin XCConfigurationList section */
		AE56BD432C0B5D5800604262 /* Build configuration list for PBXProject "MarvelDemo" */ = {
			isa = XCConfigurationList;
			buildConfigurations = (
				AE56BD542C0B5D5900604262 /* Debug */,
				AE56BD552C0B5D5900604262 /* Release */,
			);
			defaultConfigurationIsVisible = 0;
			defaultConfigurationName = Release;
		};
		AE56BD562C0B5D5900604262 /* Build configuration list for PBXNativeTarget "MarvelDemo" */ = {
			isa = XCConfigurationList;
			buildConfigurations = (
				AE56BD572C0B5D5900604262 /* Debug */,
				AE56BD582C0B5D5900604262 /* Release */,
			);
			defaultConfigurationIsVisible = 0;
			defaultConfigurationName = Release;
		};
/* End XCConfigurationList section */
	};
	rootObject = AE56BD402C0B5D5800604262 /* Project object */;
}
